
Microsoft Visual Studio Solution File, Format Version 12.00
# Visual Studio Version 16
VisualStudioVersion = 16.0.30503.244
MinimumVisualStudioVersion = 10.0.40219.1
Project("{9A19103F-16F7-4668-BE54-9A1E7A4F7556}") = "Creator.Lib", "Creator.Lib\Creator.Lib.csproj", "{9B55D6D6-C74C-45B7-A7B4-6DFB3E250EF5}"
EndProject
Project("{FAE04EC0-301F-11D3-BF4B-00C04F79EFBC}") = "Creator.Tool", "Creator.Tool\Creator.Tool.csproj", "{67AC36BE-11EC-4014-AE33-C687C7EAFCE4}"
EndProject
Global
	GlobalSection(SolutionConfigurationPlatforms) = preSolution
		Debug|Any CPU = Debug|Any CPU
		Release|Any CPU = Release|Any CPU
	EndGlobalSection
	GlobalSection(ProjectConfigurationPlatforms) = postSolution
		{9B55D6D6-C74C-45B7-A7B4-6DFB3E250EF5}.Debug|Any CPU.ActiveCfg = Debug|Any CPU
		{9B55D6D6-C74C-45B7-A7B4-6DFB3E250EF5}.Debug|Any CPU.Build.0 = Debug|Any CPU
		{9B55D6D6-C74C-45B7-A7B4-6DFB3E250EF5}.Release|Any CPU.ActiveCfg = Release|Any CPU
		{9B55D6D6-C74C-45B7-A7B4-6DFB3E250EF5}.Release|Any CPU.Build.0 = Release|Any CPU
		{67AC36BE-11EC-4014-AE33-C687C7EAFCE4}.Debug|Any CPU.ActiveCfg = Debug|Any CPU
		{67AC36BE-11EC-4014-AE33-C687C7EAFCE4}.Debug|Any CPU.Build.0 = Debug|Any CPU
		{67AC36BE-11EC-4014-AE33-C687C7EAFCE4}.Release|Any CPU.ActiveCfg = Release|Any CPU
		{67AC36BE-11EC-4014-AE33-C687C7EAFCE4}.Release|Any CPU.Build.0 = Release|Any CPU
	EndGlobalSection
	GlobalSection(SolutionProperties) = preSolution
		HideSolutionNode = FALSE
	EndGlobalSection
	GlobalSection(ExtensibilityGlobals) = postSolution
		SolutionGuid = {88BFAD4F-510A-4415-A9E6-7546010E4360}
	EndGlobalSection
EndGlobal
